
Microsoft Visual Studio Solution File, Format Version 12.00
# Visual Studio Version 17
VisualStudioVersion = 17.8.34511.84
MinimumVisualStudioVersion = 10.0.40219.1
Project("{9A19103F-16F7-4668-BE54-9A1E7A4F7556}") = "OrionCalcApi", "OrionCalcApi.csproj", "{4BBEE969-7557-4979-8194-E6C1A3D2AABC}"
EndProject
Project("{9A19103F-16F7-4668-BE54-9A1E7A4F7556}") = "OrionCalcWeb", "..\OrionCalcWeb\OrionCalcWeb.csproj", "{5D1CF002-1FF9-4EE0-B848-991F036B6435}"
EndProject
Project("{9A19103F-16F7-4668-BE54-9A1E7A4F7556}") = "OrionCalcTests", "..\OrionCalcTests\OrionCalcTests.csproj", "{44D78388-232D-4E22-B281-8555216EA024}"
EndProject
Project("{D954291E-2A0B-460D-934E-DC6B0785DB48}") = "OrionCalcShared", "..\OrionCalcShared\OrionCalcShared.shproj", "{CD24E8D3-BB05-4D9C-BFFA-BCDCB89D9827}"
EndProject
Global
	GlobalSection(SolutionConfigurationPlatforms) = preSolution
		Debug|Any CPU = Debug|Any CPU
		Release|Any CPU = Release|Any CPU
	EndGlobalSection
	GlobalSection(ProjectConfigurationPlatforms) = postSolution
		{4BBEE969-7557-4979-8194-E6C1A3D2AABC}.Debug|Any CPU.ActiveCfg = Debug|Any CPU
		{4BBEE969-7557-4979-8194-E6C1A3D2AABC}.Debug|Any CPU.Build.0 = Debug|Any CPU
		{4BBEE969-7557-4979-8194-E6C1A3D2AABC}.Release|Any CPU.ActiveCfg = Release|Any CPU
		{4BBEE969-7557-4979-8194-E6C1A3D2AABC}.Release|Any CPU.Build.0 = Release|Any CPU
		{5D1CF002-1FF9-4EE0-B848-991F036B6435}.Debug|Any CPU.ActiveCfg = Debug|Any CPU
		{5D1CF002-1FF9-4EE0-B848-991F036B6435}.Debug|Any CPU.Build.0 = Debug|Any CPU
		{5D1CF002-1FF9-4EE0-B848-991F036B6435}.Release|Any CPU.ActiveCfg = Release|Any CPU
		{5D1CF002-1FF9-4EE0-B848-991F036B6435}.Release|Any CPU.Build.0 = Release|Any CPU
		{44D78388-232D-4E22-B281-8555216EA024}.Debug|Any CPU.ActiveCfg = Debug|Any CPU
		{44D78388-232D-4E22-B281-8555216EA024}.Debug|Any CPU.Build.0 = Debug|Any CPU
		{44D78388-232D-4E22-B281-8555216EA024}.Release|Any CPU.ActiveCfg = Release|Any CPU
		{44D78388-232D-4E22-B281-8555216EA024}.Release|Any CPU.Build.0 = Release|Any CPU
	EndGlobalSection
	GlobalSection(SolutionProperties) = preSolution
		HideSolutionNode = FALSE
	EndGlobalSection
	GlobalSection(ExtensibilityGlobals) = postSolution
		SolutionGuid = {D4BE7A20-54DD-43A4-BF79-77D2C531CE3F}
	EndGlobalSection
	GlobalSection(SharedMSBuildProjectFiles) = preSolution
		..\OrionCalcShared\OrionCalcShared.projitems*{4bbee969-7557-4979-8194-e6c1a3d2aabc}*SharedItemsImports = 5
		..\OrionCalcShared\OrionCalcShared.projitems*{5d1cf002-1ff9-4ee0-b848-991f036b6435}*SharedItemsImports = 5
		..\OrionCalcShared\OrionCalcShared.projitems*{cd24e8d3-bb05-4d9c-bffa-bcdcb89d9827}*SharedItemsImports = 13
	EndGlobalSection
EndGlobal
